
Microsoft Visual Studio Solution File, Format Version 12.00
Project("{FAE04EC0-301F-11D3-BF4B-00C04F79EFBC}") = "TextSearchApp.Host", "TextSearchApp.Host\TextSearchApp.Host.csproj", "{36DB6218-AC9F-4F31-9F85-09621960FDCA}"
EndProject
Project("{FAE04EC0-301F-11D3-BF4B-00C04F79EFBC}") = "TextSearchApp.Data", "TextSearchApp.Data\TextSearchApp.Data.csproj", "{C5D6D1C4-87B0-4C6C-916E-A7518416799D}"
EndProject
Project("{2150E333-8FDC-42A3-9474-1A3956D46DE8}") = "SolutionFolder", "SolutionFolder", "{8FFCF993-DFB6-4FE3-8F20-DD61F630C6E7}"
	ProjectSection(SolutionItems) = preProject
		docker-compose.yml = docker-compose.yml
	EndProjectSection
EndProject
Project("{FAE04EC0-301F-11D3-BF4B-00C04F79EFBC}") = "TextSearchApp.Tests", "TextSearchApp.Tests\TextSearchApp.Tests.csproj", "{702DC445-EFD8-46E3-8E28-7B34DF2A966D}"
EndProject
Global
	GlobalSection(SolutionConfigurationPlatforms) = preSolution
		Debug|Any CPU = Debug|Any CPU
		Release|Any CPU = Release|Any CPU
	EndGlobalSection
	GlobalSection(ProjectConfigurationPlatforms) = postSolution
		{36DB6218-AC9F-4F31-9F85-09621960FDCA}.Debug|Any CPU.ActiveCfg = Debug|Any CPU
		{36DB6218-AC9F-4F31-9F85-09621960FDCA}.Debug|Any CPU.Build.0 = Debug|Any CPU
		{36DB6218-AC9F-4F31-9F85-09621960FDCA}.Release|Any CPU.ActiveCfg = Release|Any CPU
		{36DB6218-AC9F-4F31-9F85-09621960FDCA}.Release|Any CPU.Build.0 = Release|Any CPU
		{C5D6D1C4-87B0-4C6C-916E-A7518416799D}.Debug|Any CPU.ActiveCfg = Debug|Any CPU
		{C5D6D1C4-87B0-4C6C-916E-A7518416799D}.Debug|Any CPU.Build.0 = Debug|Any CPU
		{C5D6D1C4-87B0-4C6C-916E-A7518416799D}.Release|Any CPU.ActiveCfg = Release|Any CPU
		{C5D6D1C4-87B0-4C6C-916E-A7518416799D}.Release|Any CPU.Build.0 = Release|Any CPU
		{702DC445-EFD8-46E3-8E28-7B34DF2A966D}.Debug|Any CPU.ActiveCfg = Debug|Any CPU
		{702DC445-EFD8-46E3-8E28-7B34DF2A966D}.Debug|Any CPU.Build.0 = Debug|Any CPU
		{702DC445-EFD8-46E3-8E28-7B34DF2A966D}.Release|Any CPU.ActiveCfg = Release|Any CPU
		{702DC445-EFD8-46E3-8E28-7B34DF2A966D}.Release|Any CPU.Build.0 = Release|Any CPU
	EndGlobalSection
EndGlobal
